
Microsoft Visual Studio Solution File, Format Version 12.00
# Visual Studio Version 16
VisualStudioVersion = 16.0.30413.136
MinimumVisualStudioVersion = 10.0.40219.1
Project("{FAE04EC0-301F-11D3-BF4B-00C04F79EFBC}") = "Webówka", "Webówka\Webówka.csproj", "{C834FF08-ACF6-4C6F-9704-CCC9E587F36F}"
EndProject
Global
	GlobalSection(SolutionConfigurationPlatforms) = preSolution
		Debug|Any CPU = Debug|Any CPU
		Release|Any CPU = Release|Any CPU
	EndGlobalSection
	GlobalSection(ProjectConfigurationPlatforms) = postSolution
		{C834FF08-ACF6-4C6F-9704-CCC9E587F36F}.Debug|Any CPU.ActiveCfg = Debug|Any CPU
		{C834FF08-ACF6-4C6F-9704-CCC9E587F36F}.Debug|Any CPU.Build.0 = Debug|Any CPU
		{C834FF08-ACF6-4C6F-9704-CCC9E587F36F}.Release|Any CPU.ActiveCfg = Release|Any CPU
		{C834FF08-ACF6-4C6F-9704-CCC9E587F36F}.Release|Any CPU.Build.0 = Release|Any CPU
	EndGlobalSection
	GlobalSection(SolutionProperties) = preSolution
		HideSolutionNode = FALSE
	EndGlobalSection
	GlobalSection(ExtensibilityGlobals) = postSolution
		SolutionGuid = {9A193558-02CB-4C79-B969-B2F0DA6314C0}
	EndGlobalSection
EndGlobal
